// !$*UTF8*$!
{
	archiveVersion = 1;
	classes = {
	};
	objectVersion = 50;
	objects = {

/* Begin PBXBuildFile section */
		E0B4FF532183DBA300363FD1 /* AppDelegate.swift in Sources */ = {isa = PBXBuildFile; fileRef = E0B4FF522183DBA300363FD1 /* AppDelegate.swift */; };
		E0B4FF552183DBA300363FD1 /* ConverterViewController.swift in Sources */ = {isa = PBXBuildFile; fileRef = E0B4FF542183DBA300363FD1 /* ConverterViewController.swift */; };
		E0B4FF582183DBA300363FD1 /* Main.storyboard in Resources */ = {isa = PBXBuildFile; fileRef = E0B4FF562183DBA300363FD1 /* Main.storyboard */; };
		E0B4FF5A2183DBA500363FD1 /* Assets.xcassets in Resources */ = {isa = PBXBuildFile; fileRef = E0B4FF592183DBA500363FD1 /* Assets.xcassets */; };
		E0B4FF5D2183DBA500363FD1 /* LaunchScreen.storyboard in Resources */ = {isa = PBXBuildFile; fileRef = E0B4FF5B2183DBA500363FD1 /* LaunchScreen.storyboard */; };
		E0B4FF682183DBA500363FD1 /* ConversionCalculatorUITests.swift in Sources */ = {isa = PBXBuildFile; fileRef = E0B4FF672183DBA500363FD1 /* ConversionCalculatorUITests.swift */; };
		E0B4FF732183DBA500363FD1 /* ConversionCalculatorUIUITests.swift in Sources */ = {isa = PBXBuildFile; fileRef = E0B4FF722183DBA500363FD1 /* ConversionCalculatorUIUITests.swift */; };
/* End PBXBuildFile section */

/* Begin PBXContainerItemProxy section */
		E0B4FF642183DBA500363FD1 /* PBXContainerItemProxy */ = {
			isa = PBXContainerItemProxy;
			containerPortal = E0B4FF472183DBA300363FD1 /* Project object */;
			proxyType = 1;
			remoteGlobalIDString = E0B4FF4E2183DBA300363FD1;
			remoteInfo = ConversionCalculatorUI;
		};
		E0B4FF6F2183DBA500363FD1 /* PBXContainerItemProxy */ = {
			isa = PBXContainerItemProxy;
			containerPortal = E0B4FF472183DBA300363FD1 /* Project object */;
			proxyType = 1;
			remoteGlobalIDString = E0B4FF4E2183DBA300363FD1;
			remoteInfo = ConversionCalculatorUI;
		};
/* End PBXContainerItemProxy section */

/* Begin PBXFileReference section */
		E0B4FF4F2183DBA300363FD1 /* ConversionCalculatorUI.app */ = {isa = PBXFileReference; explicitFileType = wrapper.application; includeInIndex = 0; path = ConversionCalculatorUI.app; sourceTree = BUILT_PRODUCTS_DIR; };
		E0B4FF522183DBA300363FD1 /* AppDelegate.swift */ = {isa = PBXFileReference; lastKnownFileType = sourcecode.swift; path = AppDelegate.swift; sourceTree = "<group>"; };
		E0B4FF542183DBA300363FD1 /* ConverterViewController.swift */ = {isa = PBXFileReference; lastKnownFileType = sourcecode.swift; path = ConverterViewController.swift; sourceTree = "<group>"; };
		E0B4FF572183DBA300363FD1 /* Base */ = {isa = PBXFileReference; lastKnownFileType = file.storyboard; name = Base; path = Base.lproj/Main.storyboard; sourceTree = "<group>"; };
		E0B4FF592183DBA500363FD1 /* Assets.xcassets */ = {isa = PBXFileReference; lastKnownFileType = folder.assetcatalog; path = Assets.xcassets; sourceTree = "<group>"; };
		E0B4FF5C2183DBA500363FD1 /* Base */ = {isa = PBXFileReference; lastKnownFileType = file.storyboard; name = Base; path = Base.lproj/LaunchScreen.storyboard; sourceTree = "<group>"; };
		E0B4FF5E2183DBA500363FD1 /* Info.plist */ = {isa = PBXFileReference; lastKnownFileType = text.plist.xml; path = Info.plist; sourceTree = "<group>"; };
		E0B4FF632183DBA500363FD1 /* ConversionCalculatorUITests.xctest */ = {isa = PBXFileReference; explicitFileType = wrapper.cfbundle; includeInIndex = 0; path = ConversionCalculatorUITests.xctest; sourceTree = BUILT_PRODUCTS_DIR; };
		E0B4FF672183DBA500363FD1 /* ConversionCalculatorUITests.swift */ = {isa = PBXFileReference; lastKnownFileType = sourcecode.swift; path = ConversionCalculatorUITests.swift; sourceTree = "<group>"; };
		E0B4FF692183DBA500363FD1 /* Info.plist */ = {isa = PBXFileReference; lastKnownFileType = text.plist.xml; path = Info.plist; sourceTree = "<group>"; };
		E0B4FF6E2183DBA500363FD1 /* ConversionCalculatorUIUITests.xctest */ = {isa = PBXFileReference; explicitFileType = wrapper.cfbundle; includeInIndex = 0; path = ConversionCalculatorUIUITests.xctest; sourceTree = BUILT_PRODUCTS_DIR; };
		E0B4FF722183DBA500363FD1 /* ConversionCalculatorUIUITests.swift */ = {isa = PBXFileReference; lastKnownFileType = sourcecode.swift; path = ConversionCalculatorUIUITests.swift; sourceTree = "<group>"; };
		E0B4FF742183DBA500363FD1 /* Info.plist */ = {isa = PBXFileReference; lastKnownFileType = text.plist.xml; path = Info.plist; sourceTree = "<group>"; };
/* End PBXFileReference section */

/* Begin PBXFrameworksBuildPhase section */
		E0B4FF4C2183DBA300363FD1 /* Frameworks */ = {
			isa = PBXFrameworksBuildPhase;
			buildActionMask = 2147483647;
			files = (
			);
			runOnlyForDeploymentPostprocessing = 0;
		};
		E0B4FF602183DBA500363FD1 /* Frameworks */ = {
			isa = PBXFrameworksBuildPhase;
			buildActionMask = 2147483647;
			files = (
			);
			runOnlyForDeploymentPostprocessing = 0;
		};
		E0B4FF6B2183DBA500363FD1 /* Frameworks */ = {
			isa = PBXFrameworksBuildPhase;
			buildActionMask = 2147483647;
			files = (
			);
			runOnlyForDeploymentPostprocessing = 0;
		};
/* End PBXFrameworksBuildPhase section */

/* Begin PBXGroup section */
		E0B4FF462183DBA300363FD1 = {
			isa = PBXGroup;
			children = (
				E0B4FF512183DBA300363FD1 /* ConversionCalculatorUI */,
				E0B4FF662183DBA500363FD1 /* ConversionCalculatorUITests */,
				E0B4FF712183DBA500363FD1 /* ConversionCalculatorUIUITests */,
				E0B4FF502183DBA300363FD1 /* Products */,
			);
			sourceTree = "<group>";
		};
		E0B4FF502183DBA300363FD1 /* Products */ = {
			isa = PBXGroup;
			children = (
				E0B4FF4F2183DBA300363FD1 /* ConversionCalculatorUI.app */,
				E0B4FF632183DBA500363FD1 /* ConversionCalculatorUITests.xctest */,
				E0B4FF6E2183DBA500363FD1 /* ConversionCalculatorUIUITests.xctest */,
			);
			name = Products;
			sourceTree = "<group>";
		};
		E0B4FF512183DBA300363FD1 /* ConversionCalculatorUI */ = {
			isa = PBXGroup;
			children = (
				E0B4FF522183DBA300363FD1 /* AppDelegate.swift */,
				E0B4FF542183DBA300363FD1 /* ConverterViewController.swift */,
				E0B4FF562183DBA300363FD1 /* Main.storyboard */,
				E0B4FF592183DBA500363FD1 /* Assets.xcassets */,
				E0B4FF5B2183DBA500363FD1 /* LaunchScreen.storyboard */,
				E0B4FF5E2183DBA500363FD1 /* Info.plist */,
			);
			path = ConversionCalculatorUI;
			sourceTree = "<group>";
		};
		E0B4FF662183DBA500363FD1 /* ConversionCalculatorUITests */ = {
			isa = PBXGroup;
			children = (
				E0B4FF672183DBA500363FD1 /* ConversionCalculatorUITests.swift */,
				E0B4FF692183DBA500363FD1 /* Info.plist */,
			);
			path = ConversionCalculatorUITests;
			sourceTree = "<group>";
		};
		E0B4FF712183DBA500363FD1 /* ConversionCalculatorUIUITests */ = {
			isa = PBXGroup;
			children = (
				E0B4FF722183DBA500363FD1 /* ConversionCalculatorUIUITests.swift */,
				E0B4FF742183DBA500363FD1 /* Info.plist */,
			);
			path = ConversionCalculatorUIUITests;
			sourceTree = "<group>";
		};
/* End PBXGroup section */

/* Begin PBXNativeTarget section */
		E0B4FF4E2183DBA300363FD1 /* ConversionCalculatorUI */ = {
			isa = PBXNativeTarget;
			buildConfigurationList = E0B4FF772183DBA500363FD1 /* Build configuration list for PBXNativeTarget "ConversionCalculatorUI" */;
			buildPhases = (
				E0B4FF4B2183DBA300363FD1 /* Sources */,
				E0B4FF4C2183DBA300363FD1 /* Frameworks */,
				E0B4FF4D2183DBA300363FD1 /* Resources */,
			);
			buildRules = (
			);
			dependencies = (
			);
			name = ConversionCalculatorUI;
			productName = ConversionCalculatorUI;
			productReference = E0B4FF4F2183DBA300363FD1 /* ConversionCalculatorUI.app */;
			productType = "com.apple.product-type.application";
		};
		E0B4FF622183DBA500363FD1 /* ConversionCalculatorUITests */ = {
			isa = PBXNativeTarget;
			buildConfigurationList = E0B4FF7A2183DBA500363FD1 /* Build configuration list for PBXNativeTarget "ConversionCalculatorUITests" */;
			buildPhases = (
				E0B4FF5F2183DBA500363FD1 /* Sources */,
				E0B4FF602183DBA500363FD1 /* Frameworks */,
				E0B4FF612183DBA500363FD1 /* Resources */,
			);
			buildRules = (
			);
			dependencies = (
				E0B4FF652183DBA500363FD1 /* PBXTargetDependency */,
			);
			name = ConversionCalculatorUITests;
			productName = ConversionCalculatorUITests;
			productReference = E0B4FF632183DBA500363FD1 /* ConversionCalculatorUITests.xctest */;
			productType = "com.apple.product-type.bundle.unit-test";
		};
		E0B4FF6D2183DBA500363FD1 /* ConversionCalculatorUIUITests */ = {
			isa = PBXNativeTarget;
			buildConfigurationList = E0B4FF7D2183DBA500363FD1 /* Build configuration list for PBXNativeTarget "ConversionCalculatorUIUITests" */;
			buildPhases = (
				E0B4FF6A2183DBA500363FD1 /* Sources */,
				E0B4FF6B2183DBA500363FD1 /* Frameworks */,
				E0B4FF6C2183DBA500363FD1 /* Resources */,
			);
			buildRules = (
			);
			dependencies = (
				E0B4FF702183DBA500363FD1 /* PBXTargetDependency */,
			);
			name = ConversionCalculatorUIUITests;
			productName = ConversionCalculatorUIUITests;
			productReference = E0B4FF6E2183DBA500363FD1 /* ConversionCalculatorUIUITests.xctest */;
			productType = "com.apple.product-type.bundle.ui-testing";
		};
/* End PBXNativeTarget section */

/* Begin PBXProject section */
		E0B4FF472183DBA300363FD1 /* Project object */ = {
			isa = PBXProject;
			attributes = {
				LastSwiftUpdateCheck = 0940;
				LastUpgradeCheck = 0940;
				ORGANIZATIONNAME = "Sharoze Amir";
				TargetAttributes = {
					E0B4FF4E2183DBA300363FD1 = {
						CreatedOnToolsVersion = 9.4.1;
					};
					E0B4FF622183DBA500363FD1 = {
						CreatedOnToolsVersion = 9.4.1;
						TestTargetID = E0B4FF4E2183DBA300363FD1;
					};
					E0B4FF6D2183DBA500363FD1 = {
						CreatedOnToolsVersion = 9.4.1;
						TestTargetID = E0B4FF4E2183DBA300363FD1;
					};
				};
			};
			buildConfigurationList = E0B4FF4A2183DBA300363FD1 /* Build configuration list for PBXProject "ConversionCalculatorUI" */;
			compatibilityVersion = "Xcode 9.3";
			developmentRegion = en;
			hasScannedForEncodings = 0;
			knownRegions = (
				en,
				Base,
			);
			mainGroup = E0B4FF462183DBA300363FD1;
			productRefGroup = E0B4FF502183DBA300363FD1 /* Products */;
			projectDirPath = "";
			projectRoot = "";
			targets = (
				E0B4FF4E2183DBA300363FD1 /* ConversionCalculatorUI */,
				E0B4FF622183DBA500363FD1 /* ConversionCalculatorUITests */,
				E0B4FF6D2183DBA500363FD1 /* ConversionCalculatorUIUITests */,
			);
		};
/* End PBXProject section */

/* Begin PBXResourcesBuildPhase section */
		E0B4FF4D2183DBA300363FD1 /* Resources */ = {
			isa = PBXResourcesBuildPhase;
			buildActionMask = 2147483647;
			files = (
				E0B4FF5D2183DBA500363FD1 /* LaunchScreen.storyboard in Resources */,
				E0B4FF5A2183DBA500363FD1 /* Assets.xcassets in Resources */,
				E0B4FF582183DBA300363FD1 /* Main.storyboard in Resources */,
			);
			runOnlyForDeploymentPostprocessing = 0;
		};
		E0B4FF612183DBA500363FD1 /* Resources */ = {
			isa = PBXResourcesBuildPhase;
			buildActionMask = 2147483647;
			files = (
			);
			runOnlyForDeploymentPostprocessing = 0;
		};
		E0B4FF6C2183DBA500363FD1 /* Resources */ = {
			isa = PBXResourcesBuildPhase;
			buildActionMask = 2147483647;
			files = (
			);
			runOnlyForDeploymentPostprocessing = 0;
		};
/* End PBXResourcesBuildPhase section */

/* Begin PBXSourcesBuildPhase section */
		E0B4FF4B2183DBA300363FD1 /* Sources */ = {
			isa = PBXSourcesBuildPhase;
			buildActionMask = 2147483647;
			files = (
				E0B4FF552183DBA300363FD1 /* ConverterViewController.swift in Sources */,
				E0B4FF532183DBA300363FD1 /* AppDelegate.swift in Sources */,
			);
			runOnlyForDeploymentPostprocessing = 0;
		};
		E0B4FF5F2183DBA500363FD1 /* Sources */ = {
			isa = PBXSourcesBuildPhase;
			buildActionMask = 2147483647;
			files = (
				E0B4FF682183DBA500363FD1 /* ConversionCalculatorUITests.swift in Sources */,
			);
			runOnlyForDeploymentPostprocessing = 0;
		};
		E0B4FF6A2183DBA500363FD1 /* Sources */ = {
			isa = PBXSourcesBuildPhase;
			buildActionMask = 2147483647;
			files = (
				E0B4FF732183DBA500363FD1 /* ConversionCalculatorUIUITests.swift in Sources */,
			);
			runOnlyForDeploymentPostprocessing = 0;
		};
/* End PBXSourcesBuildPhase section */

/* Begin PBXTargetDependency section */
		E0B4FF652183DBA500363FD1 /* PBXTargetDependency */ = {
			isa = PBXTargetDependency;
			target = E0B4FF4E2183DBA300363FD1 /* ConversionCalculatorUI */;
			targetProxy = E0B4FF642183DBA500363FD1 /* PBXContainerItemProxy */;
		};
		E0B4FF702183DBA500363FD1 /* PBXTargetDependency */ = {
			isa = PBXTargetDependency;
			target = E0B4FF4E2183DBA300363FD1 /* ConversionCalculatorUI */;
			targetProxy = E0B4FF6F2183DBA500363FD1 /* PBXContainerItemProxy */;
		};
/* End PBXTargetDependency section */

/* Begin PBXVariantGroup section */
		E0B4FF562183DBA300363FD1 /* Main.storyboard */ = {
			isa = PBXVariantGroup;
			children = (
				E0B4FF572183DBA300363FD1 /* Base */,
			);
			name = Main.storyboard;
			sourceTree = "<group>";
		};
		E0B4FF5B2183DBA500363FD1 /* LaunchScreen.storyboard */ = {
			isa = PBXVariantGroup;
			children = (
				E0B4FF5C2183DBA500363FD1 /* Base */,
			);
			name = LaunchScreen.storyboard;
			sourceTree = "<group>";
		};
/* End PBXVariantGroup section */

/* Begin XCBuildConfiguration section */
		E0B4FF752183DBA500363FD1 /* Debug */ = {
			isa = XCBuildConfiguration;
			buildSettings = {
				ALWAYS_SEARCH_USER_PATHS = NO;
				CLANG_ANALYZER_NONNULL = YES;
				CLANG_ANALYZER_NUMBER_OBJECT_CONVERSION = YES_AGGRESSIVE;
				CLANG_CXX_LANGUAGE_STANDARD = "gnu++14";
				CLANG_CXX_LIBRARY = "libc++";
				CLANG_ENABLE_MODULES = YES;
				CLANG_ENABLE_OBJC_ARC = YES;
				CLANG_ENABLE_OBJC_WEAK = YES;
				CLANG_WARN_BLOCK_CAPTURE_AUTORELEASING = YES;
				CLANG_WARN_BOOL_CONVERSION = YES;
				CLANG_WARN_COMMA = YES;
				CLANG_WARN_CONSTANT_CONVERSION = YES;
				CLANG_WARN_DEPRECATED_OBJC_IMPLEMENTATIONS = YES;
				CLANG_WARN_DIRECT_OBJC_ISA_USAGE = YES_ERROR;
				CLANG_WARN_DOCUMENTATION_COMMENTS = YES;
				CLANG_WARN_EMPTY_BODY = YES;
				CLANG_WARN_ENUM_CONVERSION = YES;
				CLANG_WARN_INFINITE_RECURSION = YES;
				CLANG_WARN_INT_CONVERSION = YES;
				CLANG_WARN_NON_LITERAL_NULL_CONVERSION = YES;
				CLANG_WARN_OBJC_IMPLICIT_RETAIN_SELF = YES;
				CLANG_WARN_OBJC_LITERAL_CONVERSION = YES;
				CLANG_WARN_OBJC_ROOT_CLASS = YES_ERROR;
				CLANG_WARN_RANGE_LOOP_ANALYSIS = YES;
				CLANG_WARN_STRICT_PROTOTYPES = YES;
				CLANG_WARN_SUSPICIOUS_MOVE = YES;
				CLANG_WARN_UNGUARDED_AVAILABILITY = YES_AGGRESSIVE;
				CLANG_WARN_UNREACHABLE_CODE = YES;
				CLANG_WARN__DUPLICATE_METHOD_MATCH = YES;
				CODE_SIGN_IDENTITY = "iPhone Developer";
				COPY_PHASE_STRIP = NO;
				DEBUG_INFORMATION_FORMAT = dwarf;
				ENABLE_STRICT_OBJC_MSGSEND = YES;
				ENABLE_TESTABILITY = YES;
				GCC_C_LANGUAGE_STANDARD = gnu11;
				GCC_DYNAMIC_NO_PIC = NO;
				GCC_NO_COMMON_BLOCKS = YES;
				GCC_OPTIMIZATION_LEVEL = 0;
				GCC_PREPROCESSOR_DEFINITIONS = (
					"DEBUG=1",
					"$(inherited)",
				);
				GCC_WARN_64_TO_32_BIT_CONVERSION = YES;
				GCC_WARN_ABOUT_RETURN_TYPE = YES_ERROR;
				GCC_WARN_UNDECLARED_SELECTOR = YES;
				GCC_WARN_UNINITIALIZED_AUTOS = YES_AGGRESSIVE;
				GCC_WARN_UNUSED_FUNCTION = YES;
				GCC_WARN_UNUSED_VARIABLE = YES;
				IPHONEOS_DEPLOYMENT_TARGET = 11.4;
				MTL_ENABLE_DEBUG_INFO = YES;
				ONLY_ACTIVE_ARCH = YES;
				SDKROOT = iphoneos;
				SWIFT_ACTIVE_COMPILATION_CONDITIONS = DEBUG;
				SWIFT_OPTIMIZATION_LEVEL = "-Onone";
			};
			name = Debug;
		};
		E0B4FF762183DBA500363FD1 /* Release */ = {
			isa = XCBuildConfiguration;
			buildSettings = {
				ALWAYS_SEARCH_USER_PATHS = NO;
				CLANG_ANALYZER_NONNULL = YES;
				CLANG_ANALYZER_NUMBER_OBJECT_CONVERSION = YES_AGGRESSIVE;
				CLANG_CXX_LANGUAGE_STANDARD = "gnu++14";
				CLANG_CXX_LIBRARY = "libc++";
				CLANG_ENABLE_MODULES = YES;
				CLANG_ENABLE_OBJC_ARC = YES;
				CLANG_ENABLE_OBJC_WEAK = YES;
				CLANG_WARN_BLOCK_CAPTURE_AUTORELEASING = YES;
				CLANG_WARN_BOOL_CONVERSION = YES;
				CLANG_WARN_COMMA = YES;
				CLANG_WARN_CONSTANT_CONVERSION = YES;
				CLANG_WARN_DEPRECATED_OBJC_IMPLEMENTATIONS = YES;
				CLANG_WARN_DIRECT_OBJC_ISA_USAGE = YES_ERROR;
				CLANG_WARN_DOCUMENTATION_COMMENTS = YES;
				CLANG_WARN_EMPTY_BODY = YES;
				CLANG_WARN_ENUM_CONVERSION = YES;
				CLANG_WARN_INFINITE_RECURSION = YES;
				CLANG_WARN_INT_CONVERSION = YES;
				CLANG_WARN_NON_LITERAL_NULL_CONVERSION = YES;
				CLANG_WARN_OBJC_IMPLICIT_RETAIN_SELF = YES;
				CLANG_WARN_OBJC_LITERAL_CONVERSION = YES;
				CLANG_WARN_OBJC_ROOT_CLASS = YES_ERROR;
				CLANG_WARN_RANGE_LOOP_ANALYSIS = YES;
				CLANG_WARN_STRICT_PROTOTYPES = YES;
				CLANG_WARN_SUSPICIOUS_MOVE = YES;
				CLANG_WARN_UNGUARDED_AVAILABILITY = YES_AGGRESSIVE;
				CLANG_WARN_UNREACHABLE_CODE = YES;
				CLANG_WARN__DUPLICATE_METHOD_MATCH = YES;
				CODE_SIGN_IDENTITY = "iPhone Developer";
				COPY_PHASE_STRIP = NO;
				DEBUG_INFORMATION_FORMAT = "dwarf-with-dsym";
				ENABLE_NS_ASSERTIONS = NO;
				ENABLE_STRICT_OBJC_MSGSEND = YES;
				GCC_C_LANGUAGE_STANDARD = gnu11;
				GCC_NO_COMMON_BLOCKS = YES;
				GCC_WARN_64_TO_32_BIT_CONVERSION = YES;
				GCC_WARN_ABOUT_RETURN_TYPE = YES_ERROR;
				GCC_WARN_UNDECLARED_SELECTOR = YES;
				GCC_WARN_UNINITIALIZED_AUTOS = YES_AGGRESSIVE;
				GCC_WARN_UNUSED_FUNCTION = YES;
				GCC_WARN_UNUSED_VARIABLE = YES;
				IPHONEOS_DEPLOYMENT_TARGET = 11.4;
				MTL_ENABLE_DEBUG_INFO = NO;
				SDKROOT = iphoneos;
				SWIFT_COMPILATION_MODE = wholemodule;
				SWIFT_OPTIMIZATION_LEVEL = "-O";
				VALIDATE_PRODUCT = YES;
			};
			name = Release;
		};
		E0B4FF782183DBA500363FD1 /* Debug */ = {
			isa = XCBuildConfiguration;
			buildSettings = {
				ASSETCATALOG_COMPILER_APPICON_NAME = AppIcon;
				CODE_SIGN_STYLE = Automatic;
				DEVELOPMENT_TEAM = RY24R39Y55;
				INFOPLIST_FILE = ConversionCalculatorUI/Info.plist;
				LD_RUNPATH_SEARCH_PATHS = (
					"$(inherited)",
					"@executable_path/Frameworks",
				);
				PRODUCT_BUNDLE_IDENTIFIER = huh.ConversionCalculatorUI;
				PRODUCT_NAME = "$(TARGET_NAME)";
				SWIFT_VERSION = 4.0;
				TARGETED_DEVICE_FAMILY = "1,2";
			};
			name = Debug;
		};
		E0B4FF792183DBA500363FD1 /* Release */ = {
			isa = XCBuildConfiguration;
			buildSettings = {
				ASSETCATALOG_COMPILER_APPICON_NAME = AppIcon;
				CODE_SIGN_STYLE = Automatic;
				DEVELOPMENT_TEAM = RY24R39Y55;
				INFOPLIST_FILE = ConversionCalculatorUI/Info.plist;
				LD_RUNPATH_SEARCH_PATHS = (
					"$(inherited)",
					"@executable_path/Frameworks",
				);
				PRODUCT_BUNDLE_IDENTIFIER = huh.ConversionCalculatorUI;
				PRODUCT_NAME = "$(TARGET_NAME)";
				SWIFT_VERSION = 4.0;
				TARGETED_DEVICE_FAMILY = "1,2";
			};
			name = Release;
		};
		E0B4FF7B2183DBA500363FD1 /* Debug */ = {
			isa = XCBuildConfiguration;
			buildSettings = {
				ALWAYS_EMBED_SWIFT_STANDARD_LIBRARIES = YES;
				BUNDLE_LOADER = "$(TEST_HOST)";
				CODE_SIGN_STYLE = Automatic;
				DEVELOPMENT_TEAM = RY24R39Y55;
				INFOPLIST_FILE = ConversionCalculatorUITests/Info.plist;
				LD_RUNPATH_SEARCH_PATHS = (
					"$(inherited)",
					"@executable_path/Frameworks",
					"@loader_path/Frameworks",
				);
				PRODUCT_BUNDLE_IDENTIFIER = huh.ConversionCalculatorUITests;
				PRODUCT_NAME = "$(TARGET_NAME)";
				SWIFT_VERSION = 4.0;
				TARGETED_DEVICE_FAMILY = "1,2";
				TEST_HOST = "$(BUILT_PRODUCTS_DIR)/ConversionCalculatorUI.app/ConversionCalculatorUI";
			};
			name = Debug;
		};
		E0B4FF7C2183DBA500363FD1 /* Release */ = {
			isa = XCBuildConfiguration;
			buildSettings = {
				ALWAYS_EMBED_SWIFT_STANDARD_LIBRARIES = YES;
				BUNDLE_LOADER = "$(TEST_HOST)";
				CODE_SIGN_STYLE = Automatic;
				DEVELOPMENT_TEAM = RY24R39Y55;
				INFOPLIST_FILE = ConversionCalculatorUITests/Info.plist;
				LD_RUNPATH_SEARCH_PATHS = (
					"$(inherited)",
					"@executable_path/Frameworks",
					"@loader_path/Frameworks",
				);
				PRODUCT_BUNDLE_IDENTIFIER = huh.ConversionCalculatorUITests;
				PRODUCT_NAME = "$(TARGET_NAME)";
				SWIFT_VERSION = 4.0;
				TARGETED_DEVICE_FAMILY = "1,2";
				TEST_HOST = "$(BUILT_PRODUCTS_DIR)/ConversionCalculatorUI.app/ConversionCalculatorUI";
			};
			name = Release;
		};
		E0B4FF7E2183DBA500363FD1 /* Debug */ = {
			isa = XCBuildConfiguration;
			buildSettings = {
				ALWAYS_EMBED_SWIFT_STANDARD_LIBRARIES = YES;
				CODE_SIGN_STYLE = Automatic;
				DEVELOPMENT_TEAM = RY24R39Y55;
				INFOPLIST_FILE = ConversionCalculatorUIUITests/Info.plist;
				LD_RUNPATH_SEARCH_PATHS = (
					"$(inherited)",
					"@executable_path/Frameworks",
					"@loader_path/Frameworks",
				);
				PRODUCT_BUNDLE_IDENTIFIER = huh.ConversionCalculatorUIUITests;
				PRODUCT_NAME = "$(TARGET_NAME)";
				SWIFT_VERSION = 4.0;
				TARGETED_DEVICE_FAMILY = "1,2";
				TEST_TARGET_NAME = ConversionCalculatorUI;
			};
			name = Debug;
		};
		E0B4FF7F2183DBA500363FD1 /* Release */ = {
			isa = XCBuildConfiguration;
			buildSettings = {
				ALWAYS_EMBED_SWIFT_STANDARD_LIBRARIES = YES;
				CODE_SIGN_STYLE = Automatic;
				DEVELOPMENT_TEAM = RY24R39Y55;
				INFOPLIST_FILE = ConversionCalculatorUIUITests/Info.plist;
				LD_RUNPATH_SEARCH_PATHS = (
					"$(inherited)",
					"@executable_path/Frameworks",
					"@loader_path/Frameworks",
				);
				PRODUCT_BUNDLE_IDENTIFIER = huh.ConversionCalculatorUIUITests;
				PRODUCT_NAME = "$(TARGET_NAME)";
				SWIFT_VERSION = 4.0;
				TARGETED_DEVICE_FAMILY = "1,2";
				TEST_TARGET_NAME = ConversionCalculatorUI;
			};
			name = Release;
		};
/* End XCBuildConfiguration section */

/* Begin XCConfigurationList section */
		E0B4FF4A2183DBA300363FD1 /* Build configuration list for PBXProject "ConversionCalculatorUI" */ = {
			isa = XCConfigurationList;
			buildConfigurations = (
				E0B4FF752183DBA500363FD1 /* Debug */,
				E0B4FF762183DBA500363FD1 /* Release */,
			);
			defaultConfigurationIsVisible = 0;
			defaultConfigurationName = Release;
		};
		E0B4FF772183DBA500363FD1 /* Build configuration list for PBXNativeTarget "ConversionCalculatorUI" */ = {
			isa = XCConfigurationList;
			buildConfigurations = (
				E0B4FF782183DBA500363FD1 /* Debug */,
				E0B4FF792183DBA500363FD1 /* Release */,
			);
			defaultConfigurationIsVisible = 0;
			defaultConfigurationName = Release;
		};
		E0B4FF7A2183DBA500363FD1 /* Build configuration list for PBXNativeTarget "ConversionCalculatorUITests" */ = {
			isa = XCConfigurationList;
			buildConfigurations = (
				E0B4FF7B2183DBA500363FD1 /* Debug */,
				E0B4FF7C2183DBA500363FD1 /* Release */,
			);
			defaultConfigurationIsVisible = 0;
			defaultConfigurationName = Release;
		};
		E0B4FF7D2183DBA500363FD1 /* Build configuration list for PBXNativeTarget "ConversionCalculatorUIUITests" */ = {
			isa = XCConfigurationList;
			buildConfigurations = (
				E0B4FF7E2183DBA500363FD1 /* Debug */,
				E0B4FF7F2183DBA500363FD1 /* Release */,
			);
			defaultConfigurationIsVisible = 0;
			defaultConfigurationName = Release;
		};
/* End XCConfigurationList section */
	};
	rootObject = E0B4FF472183DBA300363FD1 /* Project object */;
}
